
Microsoft Visual Studio Solution File, Format Version 12.00
# Visual Studio 2017
Project("{FAE04EC0-301F-11D3-BF4B-00C04F79EFBC}") = "Hacker Inc", "Hacker Inc.csproj", "{B28D23B7-8DCB-C9E6-0F71-42BA059358B6}"
EndProject
Project("{FAE04EC0-301F-11D3-BF4B-00C04F79EFBC}") = "Hacker Inc.Editor", "Hacker Inc.Editor.csproj", "{73C8E04B-71D5-464A-4EB0-882D896ECC50}"
EndProject
Global
	GlobalSection(SolutionConfigurationPlatforms) = preSolution
		Debug|Any CPU = Debug|Any CPU
		Release|Any CPU = Release|Any CPU
	EndGlobalSection
	GlobalSection(ProjectConfigurationPlatforms) = postSolution
		{B28D23B7-8DCB-C9E6-0F71-42BA059358B6}.Debug|Any CPU.ActiveCfg = Debug|Any CPU
		{B28D23B7-8DCB-C9E6-0F71-42BA059358B6}.Debug|Any CPU.Build.0 = Debug|Any CPU
		{B28D23B7-8DCB-C9E6-0F71-42BA059358B6}.Release|Any CPU.ActiveCfg = Release|Any CPU
		{B28D23B7-8DCB-C9E6-0F71-42BA059358B6}.Release|Any CPU.Build.0 = Release|Any CPU
		{73C8E04B-71D5-464A-4EB0-882D896ECC50}.Debug|Any CPU.ActiveCfg = Debug|Any CPU
		{73C8E04B-71D5-464A-4EB0-882D896ECC50}.Debug|Any CPU.Build.0 = Debug|Any CPU
		{73C8E04B-71D5-464A-4EB0-882D896ECC50}.Release|Any CPU.ActiveCfg = Release|Any CPU
		{73C8E04B-71D5-464A-4EB0-882D896ECC50}.Release|Any CPU.Build.0 = Release|Any CPU
	EndGlobalSection
	GlobalSection(SolutionProperties) = preSolution
		HideSolutionNode = FALSE
	EndGlobalSection
EndGlobal
